// !$*UTF8*$!
{
	archiveVersion = 1;
	classes = {
	};
	objectVersion = 50;
	objects = {

/* Begin PBXBuildFile section */
		F4B12DC624624DA4004693AE /* AppDelegate.swift in Sources */ = {isa = PBXBuildFile; fileRef = F4B12DC524624DA4004693AE /* AppDelegate.swift */; };
		F4B12DC824624DA4004693AE /* SceneDelegate.swift in Sources */ = {isa = PBXBuildFile; fileRef = F4B12DC724624DA4004693AE /* SceneDelegate.swift */; };
		F4B12DCA24624DA4004693AE /* ViewController.swift in Sources */ = {isa = PBXBuildFile; fileRef = F4B12DC924624DA4004693AE /* ViewController.swift */; };
		F4B12DCD24624DA4004693AE /* Main.storyboard in Resources */ = {isa = PBXBuildFile; fileRef = F4B12DCB24624DA4004693AE /* Main.storyboard */; };
		F4B12DCF24624DAE004693AE /* Assets.xcassets in Resources */ = {isa = PBXBuildFile; fileRef = F4B12DCE24624DAE004693AE /* Assets.xcassets */; };
		F4B12DD224624DAE004693AE /* LaunchScreen.storyboard in Resources */ = {isa = PBXBuildFile; fileRef = F4B12DD024624DAE004693AE /* LaunchScreen.storyboard */; };
		F4B12DDD24624DAE004693AE /* color_maker_slidersTests.swift in Sources */ = {isa = PBXBuildFile; fileRef = F4B12DDC24624DAE004693AE /* color_maker_slidersTests.swift */; };
/* End PBXBuildFile section */

/* Begin PBXContainerItemProxy section */
		F4B12DD924624DAE004693AE /* PBXContainerItemProxy */ = {
			isa = PBXContainerItemProxy;
			containerPortal = F4B12DBA24624DA4004693AE /* Project object */;
			proxyType = 1;
			remoteGlobalIDString = F4B12DC124624DA4004693AE;
			remoteInfo = "color maker sliders";
		};
/* End PBXContainerItemProxy section */

/* Begin PBXFileReference section */
		F4B12DC224624DA4004693AE /* color maker sliders.app */ = {isa = PBXFileReference; explicitFileType = wrapper.application; includeInIndex = 0; path = "color maker sliders.app"; sourceTree = BUILT_PRODUCTS_DIR; };
		F4B12DC524624DA4004693AE /* AppDelegate.swift */ = {isa = PBXFileReference; lastKnownFileType = sourcecode.swift; path = AppDelegate.swift; sourceTree = "<group>"; };
		F4B12DC724624DA4004693AE /* SceneDelegate.swift */ = {isa = PBXFileReference; lastKnownFileType = sourcecode.swift; path = SceneDelegate.swift; sourceTree = "<group>"; };
		F4B12DC924624DA4004693AE /* ViewController.swift */ = {isa = PBXFileReference; lastKnownFileType = sourcecode.swift; path = ViewController.swift; sourceTree = "<group>"; };
		F4B12DCC24624DA4004693AE /* Base */ = {isa = PBXFileReference; lastKnownFileType = file.storyboard; name = Base; path = Base.lproj/Main.storyboard; sourceTree = "<group>"; };
		F4B12DCE24624DAE004693AE /* Assets.xcassets */ = {isa = PBXFileReference; lastKnownFileType = folder.assetcatalog; path = Assets.xcassets; sourceTree = "<group>"; };
		F4B12DD124624DAE004693AE /* Base */ = {isa = PBXFileReference; lastKnownFileType = file.storyboard; name = Base; path = Base.lproj/LaunchScreen.storyboard; sourceTree = "<group>"; };
		F4B12DD324624DAE004693AE /* Info.plist */ = {isa = PBXFileReference; lastKnownFileType = text.plist.xml; path = Info.plist; sourceTree = "<group>"; };
		F4B12DD824624DAE004693AE /* color maker slidersTests.xctest */ = {isa = PBXFileReference; explicitFileType = wrapper.cfbundle; includeInIndex = 0; path = "color maker slidersTests.xctest"; sourceTree = BUILT_PRODUCTS_DIR; };
		F4B12DDC24624DAE004693AE /* color_maker_slidersTests.swift */ = {isa = PBXFileReference; lastKnownFileType = sourcecode.swift; path = color_maker_slidersTests.swift; sourceTree = "<group>"; };
		F4B12DDE24624DAE004693AE /* Info.plist */ = {isa = PBXFileReference; lastKnownFileType = text.plist.xml; path = Info.plist; sourceTree = "<group>"; };
/* End PBXFileReference section */

/* Begin PBXFrameworksBuildPhase section */
		F4B12DBF24624DA4004693AE /* Frameworks */ = {
			isa = PBXFrameworksBuildPhase;
			buildActionMask = 2147483647;
			files = (
			);
			runOnlyForDeploymentPostprocessing = 0;
		};
		F4B12DD524624DAE004693AE /* Frameworks */ = {
			isa = PBXFrameworksBuildPhase;
			buildActionMask = 2147483647;
			files = (
			);
			runOnlyForDeploymentPostprocessing = 0;
		};
/* End PBXFrameworksBuildPhase section */

/* Begin PBXGroup section */
		F4B12DB924624DA4004693AE = {
			isa = PBXGroup;
			children = (
				F4B12DC424624DA4004693AE /* color maker sliders */,
				F4B12DDB24624DAE004693AE /* color maker slidersTests */,
				F4B12DC324624DA4004693AE /* Products */,
			);
			sourceTree = "<group>";
		};
		F4B12DC324624DA4004693AE /* Products */ = {
			isa = PBXGroup;
			children = (
				F4B12DC224624DA4004693AE /* color maker sliders.app */,
				F4B12DD824624DAE004693AE /* color maker slidersTests.xctest */,
			);
			name = Products;
			sourceTree = "<group>";
		};
		F4B12DC424624DA4004693AE /* color maker sliders */ = {
			isa = PBXGroup;
			children = (
				F4B12DC524624DA4004693AE /* AppDelegate.swift */,
				F4B12DC724624DA4004693AE /* SceneDelegate.swift */,
				F4B12DC924624DA4004693AE /* ViewController.swift */,
				F4B12DCB24624DA4004693AE /* Main.storyboard */,
				F4B12DCE24624DAE004693AE /* Assets.xcassets */,
				F4B12DD024624DAE004693AE /* LaunchScreen.storyboard */,
				F4B12DD324624DAE004693AE /* Info.plist */,
			);
			path = "color maker sliders";
			sourceTree = "<group>";
		};
		F4B12DDB24624DAE004693AE /* color maker slidersTests */ = {
			isa = PBXGroup;
			children = (
				F4B12DDC24624DAE004693AE /* color_maker_slidersTests.swift */,
				F4B12DDE24624DAE004693AE /* Info.plist */,
			);
			path = "color maker slidersTests";
			sourceTree = "<group>";
		};
/* End PBXGroup section */

/* Begin PBXNativeTarget section */
		F4B12DC124624DA4004693AE /* color maker sliders */ = {
			isa = PBXNativeTarget;
			buildConfigurationList = F4B12DE124624DAE004693AE /* Build configuration list for PBXNativeTarget "color maker sliders" */;
			buildPhases = (
				F4B12DBE24624DA4004693AE /* Sources */,
				F4B12DBF24624DA4004693AE /* Frameworks */,
				F4B12DC024624DA4004693AE /* Resources */,
			);
			buildRules = (
			);
			dependencies = (
			);
			name = "color maker sliders";
			productName = "color maker sliders";
			productReference = F4B12DC224624DA4004693AE /* color maker sliders.app */;
			productType = "com.apple.product-type.application";
		};
		F4B12DD724624DAE004693AE /* color maker slidersTests */ = {
			isa = PBXNativeTarget;
			buildConfigurationList = F4B12DE424624DAE004693AE /* Build configuration list for PBXNativeTarget "color maker slidersTests" */;
			buildPhases = (
				F4B12DD424624DAE004693AE /* Sources */,
				F4B12DD524624DAE004693AE /* Frameworks */,
				F4B12DD624624DAE004693AE /* Resources */,
			);
			buildRules = (
			);
			dependencies = (
				F4B12DDA24624DAE004693AE /* PBXTargetDependency */,
			);
			name = "color maker slidersTests";
			productName = "color maker slidersTests";
			productReference = F4B12DD824624DAE004693AE /* color maker slidersTests.xctest */;
			productType = "com.apple.product-type.bundle.unit-test";
		};
/* End PBXNativeTarget section */

/* Begin PBXProject section */
		F4B12DBA24624DA4004693AE /* Project object */ = {
			isa = PBXProject;
			attributes = {
				LastSwiftUpdateCheck = 1140;
				LastUpgradeCheck = 1140;
				ORGANIZATIONNAME = DT;
				TargetAttributes = {
					F4B12DC124624DA4004693AE = {
						CreatedOnToolsVersion = 11.4.1;
					};
					F4B12DD724624DAE004693AE = {
						CreatedOnToolsVersion = 11.4.1;
						TestTargetID = F4B12DC124624DA4004693AE;
					};
				};
			};
			buildConfigurationList = F4B12DBD24624DA4004693AE /* Build configuration list for PBXProject "color maker sliders" */;
			compatibilityVersion = "Xcode 9.3";
			developmentRegion = en;
			hasScannedForEncodings = 0;
			knownRegions = (
				en,
				Base,
			);
			mainGroup = F4B12DB924624DA4004693AE;
			productRefGroup = F4B12DC324624DA4004693AE /* Products */;
			projectDirPath = "";
			projectRoot = "";
			targets = (
				F4B12DC124624DA4004693AE /* color maker sliders */,
				F4B12DD724624DAE004693AE /* color maker slidersTests */,
			);
		};
/* End PBXProject section */

/* Begin PBXResourcesBuildPhase section */
		F4B12DC024624DA4004693AE /* Resources */ = {
			isa = PBXResourcesBuildPhase;
			buildActionMask = 2147483647;
			files = (
				F4B12DD224624DAE004693AE /* LaunchScreen.storyboard in Resources */,
				F4B12DCF24624DAE004693AE /* Assets.xcassets in Resources */,
				F4B12DCD24624DA4004693AE /* Main.storyboard in Resources */,
			);
			runOnlyForDeploymentPostprocessing = 0;
		};
		F4B12DD624624DAE004693AE /* Resources */ = {
			isa = PBXResourcesBuildPhase;
			buildActionMask = 2147483647;
			files = (
			);
			runOnlyForDeploymentPostprocessing = 0;
		};
/* End PBXResourcesBuildPhase section */

/* Begin PBXSourcesBuildPhase section */
		F4B12DBE24624DA4004693AE /* Sources */ = {
			isa = PBXSourcesBuildPhase;
			buildActionMask = 2147483647;
			files = (
				F4B12DCA24624DA4004693AE /* ViewController.swift in Sources */,
				F4B12DC624624DA4004693AE /* AppDelegate.swift in Sources */,
				F4B12DC824624DA4004693AE /* SceneDelegate.swift in Sources */,
			);
			runOnlyForDeploymentPostprocessing = 0;
		};
		F4B12DD424624DAE004693AE /* Sources */ = {
			isa = PBXSourcesBuildPhase;
			buildActionMask = 2147483647;
			files = (
				F4B12DDD24624DAE004693AE /* color_maker_slidersTests.swift in Sources */,
			);
			runOnlyForDeploymentPostprocessing = 0;
		};
/* End PBXSourcesBuildPhase section */

/* Begin PBXTargetDependency section */
		F4B12DDA24624DAE004693AE /* PBXTargetDependency */ = {
			isa = PBXTargetDependency;
			target = F4B12DC124624DA4004693AE /* color maker sliders */;
			targetProxy = F4B12DD924624DAE004693AE /* PBXContainerItemProxy */;
		};
/* End PBXTargetDependency section */

/* Begin PBXVariantGroup section */
		F4B12DCB24624DA4004693AE /* Main.storyboard */ = {
			isa = PBXVariantGroup;
			children = (
				F4B12DCC24624DA4004693AE /* Base */,
			);
			name = Main.storyboard;
			sourceTree = "<group>";
		};
		F4B12DD024624DAE004693AE /* LaunchScreen.storyboard */ = {
			isa = PBXVariantGroup;
			children = (
				F4B12DD124624DAE004693AE /* Base */,
			);
			name = LaunchScreen.storyboard;
			sourceTree = "<group>";
		};
/* End PBXVariantGroup section */

/* Begin XCBuildConfiguration section */
		F4B12DDF24624DAE004693AE /* Debug */ = {
			isa = XCBuildConfiguration;
			buildSettings = {
				ALWAYS_SEARCH_USER_PATHS = NO;
				CLANG_ANALYZER_NONNULL = YES;
				CLANG_ANALYZER_NUMBER_OBJECT_CONVERSION = YES_AGGRESSIVE;
				CLANG_CXX_LANGUAGE_STANDARD = "gnu++14";
				CLANG_CXX_LIBRARY = "libc++";
				CLANG_ENABLE_MODULES = YES;
				CLANG_ENABLE_OBJC_ARC = YES;
				CLANG_ENABLE_OBJC_WEAK = YES;
				CLANG_WARN_BLOCK_CAPTURE_AUTORELEASING = YES;
				CLANG_WARN_BOOL_CONVERSION = YES;
				CLANG_WARN_COMMA = YES;
				CLANG_WARN_CONSTANT_CONVERSION = YES;
				CLANG_WARN_DEPRECATED_OBJC_IMPLEMENTATIONS = YES;
				CLANG_WARN_DIRECT_OBJC_ISA_USAGE = YES_ERROR;
				CLANG_WARN_DOCUMENTATION_COMMENTS = YES;
				CLANG_WARN_EMPTY_BODY = YES;
				CLANG_WARN_ENUM_CONVERSION = YES;
				CLANG_WARN_INFINITE_RECURSION = YES;
				CLANG_WARN_INT_CONVERSION = YES;
				CLANG_WARN_NON_LITERAL_NULL_CONVERSION = YES;
				CLANG_WARN_OBJC_IMPLICIT_RETAIN_SELF = YES;
				CLANG_WARN_OBJC_LITERAL_CONVERSION = YES;
				CLANG_WARN_OBJC_ROOT_CLASS = YES_ERROR;
				CLANG_WARN_RANGE_LOOP_ANALYSIS = YES;
				CLANG_WARN_STRICT_PROTOTYPES = YES;
				CLANG_WARN_SUSPICIOUS_MOVE = YES;
				CLANG_WARN_UNGUARDED_AVAILABILITY = YES_AGGRESSIVE;
				CLANG_WARN_UNREACHABLE_CODE = YES;
				CLANG_WARN__DUPLICATE_METHOD_MATCH = YES;
				COPY_PHASE_STRIP = NO;
				DEBUG_INFORMATION_FORMAT = dwarf;
				ENABLE_STRICT_OBJC_MSGSEND = YES;
				ENABLE_TESTABILITY = YES;
				GCC_C_LANGUAGE_STANDARD = gnu11;
				GCC_DYNAMIC_NO_PIC = NO;
				GCC_NO_COMMON_BLOCKS = YES;
				GCC_OPTIMIZATION_LEVEL = 0;
				GCC_PREPROCESSOR_DEFINITIONS = (
					"DEBUG=1",
					"$(inherited)",
				);
				GCC_WARN_64_TO_32_BIT_CONVERSION = YES;
				GCC_WARN_ABOUT_RETURN_TYPE = YES_ERROR;
				GCC_WARN_UNDECLARED_SELECTOR = YES;
				GCC_WARN_UNINITIALIZED_AUTOS = YES_AGGRESSIVE;
				GCC_WARN_UNUSED_FUNCTION = YES;
				GCC_WARN_UNUSED_VARIABLE = YES;
				IPHONEOS_DEPLOYMENT_TARGET = 13.4;
				MTL_ENABLE_DEBUG_INFO = INCLUDE_SOURCE;
				MTL_FAST_MATH = YES;
				ONLY_ACTIVE_ARCH = YES;
				SDKROOT = iphoneos;
				SWIFT_ACTIVE_COMPILATION_CONDITIONS = DEBUG;
				SWIFT_OPTIMIZATION_LEVEL = "-Onone";
			};
			name = Debug;
		};
		F4B12DE024624DAE004693AE /* Release */ = {
			isa = XCBuildConfiguration;
			buildSettings = {
				ALWAYS_SEARCH_USER_PATHS = NO;
				CLANG_ANALYZER_NONNULL = YES;
				CLANG_ANALYZER_NUMBER_OBJECT_CONVERSION = YES_AGGRESSIVE;
				CLANG_CXX_LANGUAGE_STANDARD = "gnu++14";
				CLANG_CXX_LIBRARY = "libc++";
				CLANG_ENABLE_MODULES = YES;
				CLANG_ENABLE_OBJC_ARC = YES;
				CLANG_ENABLE_OBJC_WEAK = YES;
				CLANG_WARN_BLOCK_CAPTURE_AUTORELEASING = YES;
				CLANG_WARN_BOOL_CONVERSION = YES;
				CLANG_WARN_COMMA = YES;
				CLANG_WARN_CONSTANT_CONVERSION = YES;
				CLANG_WARN_DEPRECATED_OBJC_IMPLEMENTATIONS = YES;
				CLANG_WARN_DIRECT_OBJC_ISA_USAGE = YES_ERROR;
				CLANG_WARN_DOCUMENTATION_COMMENTS = YES;
				CLANG_WARN_EMPTY_BODY = YES;
				CLANG_WARN_ENUM_CONVERSION = YES;
				CLANG_WARN_INFINITE_RECURSION = YES;
				CLANG_WARN_INT_CONVERSION = YES;
				CLANG_WARN_NON_LITERAL_NULL_CONVERSION = YES;
				CLANG_WARN_OBJC_IMPLICIT_RETAIN_SELF = YES;
				CLANG_WARN_OBJC_LITERAL_CONVERSION = YES;
				CLANG_WARN_OBJC_ROOT_CLASS = YES_ERROR;
				CLANG_WARN_RANGE_LOOP_ANALYSIS = YES;
				CLANG_WARN_STRICT_PROTOTYPES = YES;
				CLANG_WARN_SUSPICIOUS_MOVE = YES;
				CLANG_WARN_UNGUARDED_AVAILABILITY = YES_AGGRESSIVE;
				CLANG_WARN_UNREACHABLE_CODE = YES;
				CLANG_WARN__DUPLICATE_METHOD_MATCH = YES;
				COPY_PHASE_STRIP = NO;
				DEBUG_INFORMATION_FORMAT = "dwarf-with-dsym";
				ENABLE_NS_ASSERTIONS = NO;
				ENABLE_STRICT_OBJC_MSGSEND = YES;
				GCC_C_LANGUAGE_STANDARD = gnu11;
				GCC_NO_COMMON_BLOCKS = YES;
				GCC_WARN_64_TO_32_BIT_CONVERSION = YES;
				GCC_WARN_ABOUT_RETURN_TYPE = YES_ERROR;
				GCC_WARN_UNDECLARED_SELECTOR = YES;
				GCC_WARN_UNINITIALIZED_AUTOS = YES_AGGRESSIVE;
				GCC_WARN_UNUSED_FUNCTION = YES;
				GCC_WARN_UNUSED_VARIABLE = YES;
				IPHONEOS_DEPLOYMENT_TARGET = 13.4;
				MTL_ENABLE_DEBUG_INFO = NO;
				MTL_FAST_MATH = YES;
				SDKROOT = iphoneos;
				SWIFT_COMPILATION_MODE = wholemodule;
				SWIFT_OPTIMIZATION_LEVEL = "-O";
				VALIDATE_PRODUCT = YES;
			};
			name = Release;
		};
		F4B12DE224624DAE004693AE /* Debug */ = {
			isa = XCBuildConfiguration;
			buildSettings = {
				ASSETCATALOG_COMPILER_APPICON_NAME = AppIcon;
				CODE_SIGN_STYLE = Automatic;
				DEVELOPMENT_TEAM = MT8X68T4D8;
				INFOPLIST_FILE = "color maker sliders/Info.plist";
				LD_RUNPATH_SEARCH_PATHS = (
					"$(inherited)",
					"@executable_path/Frameworks",
				);
				PRODUCT_BUNDLE_IDENTIFIER = "com.davidtspf.color-maker-sliders";
				PRODUCT_NAME = "$(TARGET_NAME)";
				SWIFT_VERSION = 5.0;
				TARGETED_DEVICE_FAMILY = "1,2";
			};
			name = Debug;
		};
		F4B12DE324624DAE004693AE /* Release */ = {
			isa = XCBuildConfiguration;
			buildSettings = {
				ASSETCATALOG_COMPILER_APPICON_NAME = AppIcon;
				CODE_SIGN_STYLE = Automatic;
				DEVELOPMENT_TEAM = MT8X68T4D8;
				INFOPLIST_FILE = "color maker sliders/Info.plist";
				LD_RUNPATH_SEARCH_PATHS = (
					"$(inherited)",
					"@executable_path/Frameworks",
				);
				PRODUCT_BUNDLE_IDENTIFIER = "com.davidtspf.color-maker-sliders";
				PRODUCT_NAME = "$(TARGET_NAME)";
				SWIFT_VERSION = 5.0;
				TARGETED_DEVICE_FAMILY = "1,2";
			};
			name = Release;
		};
		F4B12DE524624DAE004693AE /* Debug */ = {
			isa = XCBuildConfiguration;
			buildSettings = {
				ALWAYS_EMBED_SWIFT_STANDARD_LIBRARIES = YES;
				BUNDLE_LOADER = "$(TEST_HOST)";
				CODE_SIGN_STYLE = Automatic;
				DEVELOPMENT_TEAM = MT8X68T4D8;
				INFOPLIST_FILE = "color maker slidersTests/Info.plist";
				IPHONEOS_DEPLOYMENT_TARGET = 13.4;
				LD_RUNPATH_SEARCH_PATHS = (
					"$(inherited)",
					"@executable_path/Frameworks",
					"@loader_path/Frameworks",
				);
				PRODUCT_BUNDLE_IDENTIFIER = "com.davidtspf.color-maker-slidersTests";
				PRODUCT_NAME = "$(TARGET_NAME)";
				SWIFT_VERSION = 5.0;
				TARGETED_DEVICE_FAMILY = "1,2";
				TEST_HOST = "$(BUILT_PRODUCTS_DIR)/color maker sliders.app/color maker sliders";
			};
			name = Debug;
		};
		F4B12DE624624DAE004693AE /* Release */ = {
			isa = XCBuildConfiguration;
			buildSettings = {
				ALWAYS_EMBED_SWIFT_STANDARD_LIBRARIES = YES;
				BUNDLE_LOADER = "$(TEST_HOST)";
				CODE_SIGN_STYLE = Automatic;
				DEVELOPMENT_TEAM = MT8X68T4D8;
				INFOPLIST_FILE = "color maker slidersTests/Info.plist";
				IPHONEOS_DEPLOYMENT_TARGET = 13.4;
				LD_RUNPATH_SEARCH_PATHS = (
					"$(inherited)",
					"@executable_path/Frameworks",
					"@loader_path/Frameworks",
				);
				PRODUCT_BUNDLE_IDENTIFIER = "com.davidtspf.color-maker-slidersTests";
				PRODUCT_NAME = "$(TARGET_NAME)";
				SWIFT_VERSION = 5.0;
				TARGETED_DEVICE_FAMILY = "1,2";
				TEST_HOST = "$(BUILT_PRODUCTS_DIR)/color maker sliders.app/color maker sliders";
			};
			name = Release;
		};
/* End XCBuildConfiguration section */

/* Begin XCConfigurationList section */
		F4B12DBD24624DA4004693AE /* Build configuration list for PBXProject "color maker sliders" */ = {
			isa = XCConfigurationList;
			buildConfigurations = (
				F4B12DDF24624DAE004693AE /* Debug */,
				F4B12DE024624DAE004693AE /* Release */,
			);
			defaultConfigurationIsVisible = 0;
			defaultConfigurationName = Release;
		};
		F4B12DE124624DAE004693AE /* Build configuration list for PBXNativeTarget "color maker sliders" */ = {
			isa = XCConfigurationList;
			buildConfigurations = (
				F4B12DE224624DAE004693AE /* Debug */,
				F4B12DE324624DAE004693AE /* Release */,
			);
			defaultConfigurationIsVisible = 0;
			defaultConfigurationName = Release;
		};
		F4B12DE424624DAE004693AE /* Build configuration list for PBXNativeTarget "color maker slidersTests" */ = {
			isa = XCConfigurationList;
			buildConfigurations = (
				F4B12DE524624DAE004693AE /* Debug */,
				F4B12DE624624DAE004693AE /* Release */,
			);
			defaultConfigurationIsVisible = 0;
			defaultConfigurationName = Release;
		};
/* End XCConfigurationList section */
	};
	rootObject = F4B12DBA24624DA4004693AE /* Project object */;
}
